// !$*UTF8*$!
{
	archiveVersion = 1;
	classes = {
	};
	objectVersion = 56;
	objects = {

/* Begin PBXBuildFile section */
		0C6E8C7D2A302DB1001620CD /* AppDelegate.swift in Sources */ = {isa = PBXBuildFile; fileRef = 0C6E8C7C2A302DB1001620CD /* AppDelegate.swift */; };
		0C6E8C7F2A302DB1001620CD /* SceneDelegate.swift in Sources */ = {isa = PBXBuildFile; fileRef = 0C6E8C7E2A302DB1001620CD /* SceneDelegate.swift */; };
		0C6E8C812A302DB1001620CD /* ViewController.swift in Sources */ = {isa = PBXBuildFile; fileRef = 0C6E8C802A302DB1001620CD /* ViewController.swift */; };
		0C6E8C842A302DB1001620CD /* Main.storyboard in Resources */ = {isa = PBXBuildFile; fileRef = 0C6E8C822A302DB1001620CD /* Main.storyboard */; };
		0C6E8C862A302DB2001620CD /* Assets.xcassets in Resources */ = {isa = PBXBuildFile; fileRef = 0C6E8C852A302DB2001620CD /* Assets.xcassets */; };
		0C6E8C892A302DB2001620CD /* LaunchScreen.storyboard in Resources */ = {isa = PBXBuildFile; fileRef = 0C6E8C872A302DB2001620CD /* LaunchScreen.storyboard */; };
		0C6E8C942A302DB3001620CD /* example_configuration_environmentsTests.swift in Sources */ = {isa = PBXBuildFile; fileRef = 0C6E8C932A302DB3001620CD /* example_configuration_environmentsTests.swift */; };
		0C6E8C9E2A302DB3001620CD /* example_configuration_environmentsUITests.swift in Sources */ = {isa = PBXBuildFile; fileRef = 0C6E8C9D2A302DB3001620CD /* example_configuration_environmentsUITests.swift */; };
		0C6E8CA02A302DB3001620CD /* example_configuration_environmentsUITestsLaunchTests.swift in Sources */ = {isa = PBXBuildFile; fileRef = 0C6E8C9F2A302DB3001620CD /* example_configuration_environmentsUITestsLaunchTests.swift */; };
		0C6E8CBD2A303814001620CD /* BuildConfiguration.swift in Sources */ = {isa = PBXBuildFile; fileRef = 0C6E8CBC2A303814001620CD /* BuildConfiguration.swift */; };
		0C6E8CC22A304009001620CD /* ExampleStagingConfig.xcconfig in Resources */ = {isa = PBXBuildFile; fileRef = 0C6E8CC12A304009001620CD /* ExampleStagingConfig.xcconfig */; };
		0C6E8CC42A30401F001620CD /* ExcampleDevConfig.xcconfig in Resources */ = {isa = PBXBuildFile; fileRef = 0C6E8CC32A30401F001620CD /* ExcampleDevConfig.xcconfig */; };
		0C6E8CC72A305E3E001620CD /* Configuration.swift in Sources */ = {isa = PBXBuildFile; fileRef = 0C6E8CC62A305E3E001620CD /* Configuration.swift */; };
		0C6E8CC92A305E6F001620CD /* AppEnvironment.swift in Sources */ = {isa = PBXBuildFile; fileRef = 0C6E8CC82A305E6F001620CD /* AppEnvironment.swift */; };
/* End PBXBuildFile section */

/* Begin PBXContainerItemProxy section */
		0C6E8C902A302DB3001620CD /* PBXContainerItemProxy */ = {
			isa = PBXContainerItemProxy;
			containerPortal = 0C6E8C712A302DB1001620CD /* Project object */;
			proxyType = 1;
			remoteGlobalIDString = 0C6E8C782A302DB1001620CD;
			remoteInfo = "example-configuration-environments";
		};
		0C6E8C9A2A302DB3001620CD /* PBXContainerItemProxy */ = {
			isa = PBXContainerItemProxy;
			containerPortal = 0C6E8C712A302DB1001620CD /* Project object */;
			proxyType = 1;
			remoteGlobalIDString = 0C6E8C782A302DB1001620CD;
			remoteInfo = "example-configuration-environments";
		};
/* End PBXContainerItemProxy section */

/* Begin PBXFileReference section */
		0C6E8C792A302DB1001620CD /* Example Development.app */ = {isa = PBXFileReference; explicitFileType = wrapper.application; includeInIndex = 0; path = "Example Development.app"; sourceTree = BUILT_PRODUCTS_DIR; };
		0C6E8C7C2A302DB1001620CD /* AppDelegate.swift */ = {isa = PBXFileReference; lastKnownFileType = sourcecode.swift; path = AppDelegate.swift; sourceTree = "<group>"; };
		0C6E8C7E2A302DB1001620CD /* SceneDelegate.swift */ = {isa = PBXFileReference; lastKnownFileType = sourcecode.swift; path = SceneDelegate.swift; sourceTree = "<group>"; };
		0C6E8C802A302DB1001620CD /* ViewController.swift */ = {isa = PBXFileReference; lastKnownFileType = sourcecode.swift; path = ViewController.swift; sourceTree = "<group>"; };
		0C6E8C832A302DB1001620CD /* Base */ = {isa = PBXFileReference; lastKnownFileType = file.storyboard; name = Base; path = Base.lproj/Main.storyboard; sourceTree = "<group>"; };
		0C6E8C852A302DB2001620CD /* Assets.xcassets */ = {isa = PBXFileReference; lastKnownFileType = folder.assetcatalog; path = Assets.xcassets; sourceTree = "<group>"; };
		0C6E8C882A302DB2001620CD /* Base */ = {isa = PBXFileReference; lastKnownFileType = file.storyboard; name = Base; path = Base.lproj/LaunchScreen.storyboard; sourceTree = "<group>"; };
		0C6E8C8A2A302DB2001620CD /* Info.plist */ = {isa = PBXFileReference; lastKnownFileType = text.plist.xml; path = Info.plist; sourceTree = "<group>"; };
		0C6E8C8F2A302DB3001620CD /* example-configuration-environmentsTests.xctest */ = {isa = PBXFileReference; explicitFileType = wrapper.cfbundle; includeInIndex = 0; path = "example-configuration-environmentsTests.xctest"; sourceTree = BUILT_PRODUCTS_DIR; };
		0C6E8C932A302DB3001620CD /* example_configuration_environmentsTests.swift */ = {isa = PBXFileReference; lastKnownFileType = sourcecode.swift; path = example_configuration_environmentsTests.swift; sourceTree = "<group>"; };
		0C6E8C992A302DB3001620CD /* example-configuration-environmentsUITests.xctest */ = {isa = PBXFileReference; explicitFileType = wrapper.cfbundle; includeInIndex = 0; path = "example-configuration-environmentsUITests.xctest"; sourceTree = BUILT_PRODUCTS_DIR; };
		0C6E8C9D2A302DB3001620CD /* example_configuration_environmentsUITests.swift */ = {isa = PBXFileReference; lastKnownFileType = sourcecode.swift; path = example_configuration_environmentsUITests.swift; sourceTree = "<group>"; };
		0C6E8C9F2A302DB3001620CD /* example_configuration_environmentsUITestsLaunchTests.swift */ = {isa = PBXFileReference; lastKnownFileType = sourcecode.swift; path = example_configuration_environmentsUITestsLaunchTests.swift; sourceTree = "<group>"; };
		0C6E8CBC2A303814001620CD /* BuildConfiguration.swift */ = {isa = PBXFileReference; lastKnownFileType = sourcecode.swift; path = BuildConfiguration.swift; sourceTree = "<group>"; };
		0C6E8CC12A304009001620CD /* ExampleStagingConfig.xcconfig */ = {isa = PBXFileReference; lastKnownFileType = text.xcconfig; path = ExampleStagingConfig.xcconfig; sourceTree = "<group>"; };
		0C6E8CC32A30401F001620CD /* ExcampleDevConfig.xcconfig */ = {isa = PBXFileReference; lastKnownFileType = text.xcconfig; path = ExcampleDevConfig.xcconfig; sourceTree = "<group>"; };
		0C6E8CC52A304031001620CD /* ExampleConfig.xcconfig */ = {isa = PBXFileReference; lastKnownFileType = text.xcconfig; path = ExampleConfig.xcconfig; sourceTree = "<group>"; };
		0C6E8CC62A305E3E001620CD /* Configuration.swift */ = {isa = PBXFileReference; lastKnownFileType = sourcecode.swift; path = Configuration.swift; sourceTree = "<group>"; };
		0C6E8CC82A305E6F001620CD /* AppEnvironment.swift */ = {isa = PBXFileReference; lastKnownFileType = sourcecode.swift; path = AppEnvironment.swift; sourceTree = "<group>"; };
/* End PBXFileReference section */

/* Begin PBXFrameworksBuildPhase section */
		0C6E8C762A302DB1001620CD /* Frameworks */ = {
			isa = PBXFrameworksBuildPhase;
			buildActionMask = 2147483647;
			files = (
			);
			runOnlyForDeploymentPostprocessing = 0;
		};
		0C6E8C8C2A302DB3001620CD /* Frameworks */ = {
			isa = PBXFrameworksBuildPhase;
			buildActionMask = 2147483647;
			files = (
			);
			runOnlyForDeploymentPostprocessing = 0;
		};
		0C6E8C962A302DB3001620CD /* Frameworks */ = {
			isa = PBXFrameworksBuildPhase;
			buildActionMask = 2147483647;
			files = (
			);
			runOnlyForDeploymentPostprocessing = 0;
		};
/* End PBXFrameworksBuildPhase section */

/* Begin PBXGroup section */
		0C6E8C702A302DB1001620CD = {
			isa = PBXGroup;
			children = (
				0C6E8C7B2A302DB1001620CD /* example-configuration-environments */,
				0C6E8C922A302DB3001620CD /* example-configuration-environmentsTests */,
				0C6E8C9C2A302DB3001620CD /* example-configuration-environmentsUITests */,
				0C6E8C7A2A302DB1001620CD /* Products */,
			);
			sourceTree = "<group>";
		};
		0C6E8C7A2A302DB1001620CD /* Products */ = {
			isa = PBXGroup;
			children = (
				0C6E8C792A302DB1001620CD /* Example Development.app */,
				0C6E8C8F2A302DB3001620CD /* example-configuration-environmentsTests.xctest */,
				0C6E8C992A302DB3001620CD /* example-configuration-environmentsUITests.xctest */,
			);
			name = Products;
			sourceTree = "<group>";
		};
		0C6E8C7B2A302DB1001620CD /* example-configuration-environments */ = {
			isa = PBXGroup;
			children = (
				0C6E8CBE2A303D07001620CD /* Configuration */,
				0C6E8C7C2A302DB1001620CD /* AppDelegate.swift */,
				0C6E8C7E2A302DB1001620CD /* SceneDelegate.swift */,
				0C6E8C802A302DB1001620CD /* ViewController.swift */,
				0C6E8C822A302DB1001620CD /* Main.storyboard */,
				0C6E8C852A302DB2001620CD /* Assets.xcassets */,
				0C6E8C872A302DB2001620CD /* LaunchScreen.storyboard */,
				0C6E8C8A2A302DB2001620CD /* Info.plist */,
			);
			path = "example-configuration-environments";
			sourceTree = "<group>";
		};
		0C6E8C922A302DB3001620CD /* example-configuration-environmentsTests */ = {
			isa = PBXGroup;
			children = (
				0C6E8C932A302DB3001620CD /* example_configuration_environmentsTests.swift */,
			);
			path = "example-configuration-environmentsTests";
			sourceTree = "<group>";
		};
		0C6E8C9C2A302DB3001620CD /* example-configuration-environmentsUITests */ = {
			isa = PBXGroup;
			children = (
				0C6E8C9D2A302DB3001620CD /* example_configuration_environmentsUITests.swift */,
				0C6E8C9F2A302DB3001620CD /* example_configuration_environmentsUITestsLaunchTests.swift */,
			);
			path = "example-configuration-environmentsUITests";
			sourceTree = "<group>";
		};
		0C6E8CBE2A303D07001620CD /* Configuration */ = {
			isa = PBXGroup;
			children = (
				0C6E8CC82A305E6F001620CD /* AppEnvironment.swift */,
				0C6E8CBC2A303814001620CD /* BuildConfiguration.swift */,
				0C6E8CC62A305E3E001620CD /* Configuration.swift */,
				0C6E8CC52A304031001620CD /* ExampleConfig.xcconfig */,
				0C6E8CC12A304009001620CD /* ExampleStagingConfig.xcconfig */,
				0C6E8CC32A30401F001620CD /* ExcampleDevConfig.xcconfig */,
			);
			path = Configuration;
			sourceTree = "<group>";
		};
/* End PBXGroup section */

/* Begin PBXNativeTarget section */
		0C6E8C782A302DB1001620CD /* example-configuration-environments */ = {
			isa = PBXNativeTarget;
			buildConfigurationList = 0C6E8CA32A302DB3001620CD /* Build configuration list for PBXNativeTarget "example-configuration-environments" */;
			buildPhases = (
				0C6E8C752A302DB1001620CD /* Sources */,
				0C6E8C762A302DB1001620CD /* Frameworks */,
				0C6E8C772A302DB1001620CD /* Resources */,
			);
			buildRules = (
			);
			dependencies = (
			);
			name = "example-configuration-environments";
			productName = "example-configuration-environments";
			productReference = 0C6E8C792A302DB1001620CD /* Example Development.app */;
			productType = "com.apple.product-type.application";
		};
		0C6E8C8E2A302DB3001620CD /* example-configuration-environmentsTests */ = {
			isa = PBXNativeTarget;
			buildConfigurationList = 0C6E8CA62A302DB3001620CD /* Build configuration list for PBXNativeTarget "example-configuration-environmentsTests" */;
			buildPhases = (
				0C6E8C8B2A302DB3001620CD /* Sources */,
				0C6E8C8C2A302DB3001620CD /* Frameworks */,
				0C6E8C8D2A302DB3001620CD /* Resources */,
			);
			buildRules = (
			);
			dependencies = (
				0C6E8C912A302DB3001620CD /* PBXTargetDependency */,
			);
			name = "example-configuration-environmentsTests";
			productName = "example-configuration-environmentsTests";
			productReference = 0C6E8C8F2A302DB3001620CD /* example-configuration-environmentsTests.xctest */;
			productType = "com.apple.product-type.bundle.unit-test";
		};
		0C6E8C982A302DB3001620CD /* example-configuration-environmentsUITests */ = {
			isa = PBXNativeTarget;
			buildConfigurationList = 0C6E8CA92A302DB3001620CD /* Build configuration list for PBXNativeTarget "example-configuration-environmentsUITests" */;
			buildPhases = (
				0C6E8C952A302DB3001620CD /* Sources */,
				0C6E8C962A302DB3001620CD /* Frameworks */,
				0C6E8C972A302DB3001620CD /* Resources */,
			);
			buildRules = (
			);
			dependencies = (
				0C6E8C9B2A302DB3001620CD /* PBXTargetDependency */,
			);
			name = "example-configuration-environmentsUITests";
			productName = "example-configuration-environmentsUITests";
			productReference = 0C6E8C992A302DB3001620CD /* example-configuration-environmentsUITests.xctest */;
			productType = "com.apple.product-type.bundle.ui-testing";
		};
/* End PBXNativeTarget section */

/* Begin PBXProject section */
		0C6E8C712A302DB1001620CD /* Project object */ = {
			isa = PBXProject;
			attributes = {
				BuildIndependentTargetsInParallel = 1;
				LastSwiftUpdateCheck = 1430;
				LastUpgradeCheck = 1430;
				TargetAttributes = {
					0C6E8C782A302DB1001620CD = {
						CreatedOnToolsVersion = 14.3;
					};
					0C6E8C8E2A302DB3001620CD = {
						CreatedOnToolsVersion = 14.3;
						TestTargetID = 0C6E8C782A302DB1001620CD;
					};
					0C6E8C982A302DB3001620CD = {
						CreatedOnToolsVersion = 14.3;
						TestTargetID = 0C6E8C782A302DB1001620CD;
					};
				};
			};
			buildConfigurationList = 0C6E8C742A302DB1001620CD /* Build configuration list for PBXProject "example-configuration-environments" */;
			compatibilityVersion = "Xcode 14.0";
			developmentRegion = en;
			hasScannedForEncodings = 0;
			knownRegions = (
				en,
				Base,
			);
			mainGroup = 0C6E8C702A302DB1001620CD;
			productRefGroup = 0C6E8C7A2A302DB1001620CD /* Products */;
			projectDirPath = "";
			projectRoot = "";
			targets = (
				0C6E8C782A302DB1001620CD /* example-configuration-environments */,
				0C6E8C8E2A302DB3001620CD /* example-configuration-environmentsTests */,
				0C6E8C982A302DB3001620CD /* example-configuration-environmentsUITests */,
			);
		};
/* End PBXProject section */

/* Begin PBXResourcesBuildPhase section */
		0C6E8C772A302DB1001620CD /* Resources */ = {
			isa = PBXResourcesBuildPhase;
			buildActionMask = 2147483647;
			files = (
				0C6E8CC22A304009001620CD /* ExampleStagingConfig.xcconfig in Resources */,
				0C6E8C892A302DB2001620CD /* LaunchScreen.storyboard in Resources */,
				0C6E8C862A302DB2001620CD /* Assets.xcassets in Resources */,
				0C6E8CC42A30401F001620CD /* ExcampleDevConfig.xcconfig in Resources */,
				0C6E8C842A302DB1001620CD /* Main.storyboard in Resources */,
			);
			runOnlyForDeploymentPostprocessing = 0;
		};
		0C6E8C8D2A302DB3001620CD /* Resources */ = {
			isa = PBXResourcesBuildPhase;
			buildActionMask = 2147483647;
			files = (
			);
			runOnlyForDeploymentPostprocessing = 0;
		};
		0C6E8C972A302DB3001620CD /* Resources */ = {
			isa = PBXResourcesBuildPhase;
			buildActionMask = 2147483647;
			files = (
			);
			runOnlyForDeploymentPostprocessing = 0;
		};
/* End PBXResourcesBuildPhase section */

/* Begin PBXSourcesBuildPhase section */
		0C6E8C752A302DB1001620CD /* Sources */ = {
			isa = PBXSourcesBuildPhase;
			buildActionMask = 2147483647;
			files = (
				0C6E8C812A302DB1001620CD /* ViewController.swift in Sources */,
				0C6E8CC72A305E3E001620CD /* Configuration.swift in Sources */,
				0C6E8C7D2A302DB1001620CD /* AppDelegate.swift in Sources */,
				0C6E8C7F2A302DB1001620CD /* SceneDelegate.swift in Sources */,
				0C6E8CBD2A303814001620CD /* BuildConfiguration.swift in Sources */,
				0C6E8CC92A305E6F001620CD /* AppEnvironment.swift in Sources */,
			);
			runOnlyForDeploymentPostprocessing = 0;
		};
		0C6E8C8B2A302DB3001620CD /* Sources */ = {
			isa = PBXSourcesBuildPhase;
			buildActionMask = 2147483647;
			files = (
				0C6E8C942A302DB3001620CD /* example_configuration_environmentsTests.swift in Sources */,
			);
			runOnlyForDeploymentPostprocessing = 0;
		};
		0C6E8C952A302DB3001620CD /* Sources */ = {
			isa = PBXSourcesBuildPhase;
			buildActionMask = 2147483647;
			files = (
				0C6E8CA02A302DB3001620CD /* example_configuration_environmentsUITestsLaunchTests.swift in Sources */,
				0C6E8C9E2A302DB3001620CD /* example_configuration_environmentsUITests.swift in Sources */,
			);
			runOnlyForDeploymentPostprocessing = 0;
		};
/* End PBXSourcesBuildPhase section */

/* Begin PBXTargetDependency section */
		0C6E8C912A302DB3001620CD /* PBXTargetDependency */ = {
			isa = PBXTargetDependency;
			target = 0C6E8C782A302DB1001620CD /* example-configuration-environments */;
			targetProxy = 0C6E8C902A302DB3001620CD /* PBXContainerItemProxy */;
		};
		0C6E8C9B2A302DB3001620CD /* PBXTargetDependency */ = {
			isa = PBXTargetDependency;
			target = 0C6E8C782A302DB1001620CD /* example-configuration-environments */;
			targetProxy = 0C6E8C9A2A302DB3001620CD /* PBXContainerItemProxy */;
		};
/* End PBXTargetDependency section */

/* Begin PBXVariantGroup section */
		0C6E8C822A302DB1001620CD /* Main.storyboard */ = {
			isa = PBXVariantGroup;
			children = (
				0C6E8C832A302DB1001620CD /* Base */,
			);
			name = Main.storyboard;
			sourceTree = "<group>";
		};
		0C6E8C872A302DB2001620CD /* LaunchScreen.storyboard */ = {
			isa = PBXVariantGroup;
			children = (
				0C6E8C882A302DB2001620CD /* Base */,
			);
			name = LaunchScreen.storyboard;
			sourceTree = "<group>";
		};
/* End PBXVariantGroup section */

/* Begin XCBuildConfiguration section */
		0C6E8CA12A302DB3001620CD /* Debug Development */ = {
			isa = XCBuildConfiguration;
			baseConfigurationReference = 0C6E8CC32A30401F001620CD /* ExcampleDevConfig.xcconfig */;
			buildSettings = {
				ALWAYS_SEARCH_USER_PATHS = NO;
				CLANG_ANALYZER_NONNULL = YES;
				CLANG_ANALYZER_NUMBER_OBJECT_CONVERSION = YES_AGGRESSIVE;
				CLANG_CXX_LANGUAGE_STANDARD = "gnu++20";
				CLANG_ENABLE_MODULES = YES;
				CLANG_ENABLE_OBJC_ARC = YES;
				CLANG_ENABLE_OBJC_WEAK = YES;
				CLANG_WARN_BLOCK_CAPTURE_AUTORELEASING = YES;
				CLANG_WARN_BOOL_CONVERSION = YES;
				CLANG_WARN_COMMA = YES;
				CLANG_WARN_CONSTANT_CONVERSION = YES;
				CLANG_WARN_DEPRECATED_OBJC_IMPLEMENTATIONS = YES;
				CLANG_WARN_DIRECT_OBJC_ISA_USAGE = YES_ERROR;
				CLANG_WARN_DOCUMENTATION_COMMENTS = YES;
				CLANG_WARN_EMPTY_BODY = YES;
				CLANG_WARN_ENUM_CONVERSION = YES;
				CLANG_WARN_INFINITE_RECURSION = YES;
				CLANG_WARN_INT_CONVERSION = YES;
				CLANG_WARN_NON_LITERAL_NULL_CONVERSION = YES;
				CLANG_WARN_OBJC_IMPLICIT_RETAIN_SELF = YES;
				CLANG_WARN_OBJC_LITERAL_CONVERSION = YES;
				CLANG_WARN_OBJC_ROOT_CLASS = YES_ERROR;
				CLANG_WARN_QUOTED_INCLUDE_IN_FRAMEWORK_HEADER = YES;
				CLANG_WARN_RANGE_LOOP_ANALYSIS = YES;
				CLANG_WARN_STRICT_PROTOTYPES = YES;
				CLANG_WARN_SUSPICIOUS_MOVE = YES;
				CLANG_WARN_UNGUARDED_AVAILABILITY = YES_AGGRESSIVE;
				CLANG_WARN_UNREACHABLE_CODE = YES;
				CLANG_WARN__DUPLICATE_METHOD_MATCH = YES;
				COPY_PHASE_STRIP = NO;
				DEBUG_INFORMATION_FORMAT = dwarf;
				ENABLE_STRICT_OBJC_MSGSEND = YES;
				ENABLE_TESTABILITY = YES;
				GCC_C_LANGUAGE_STANDARD = gnu11;
				GCC_DYNAMIC_NO_PIC = NO;
				GCC_NO_COMMON_BLOCKS = YES;
				GCC_OPTIMIZATION_LEVEL = 0;
				GCC_PREPROCESSOR_DEFINITIONS = (
					"DEBUG=1",
					"$(inherited)",
				);
				GCC_WARN_64_TO_32_BIT_CONVERSION = YES;
				GCC_WARN_ABOUT_RETURN_TYPE = YES_ERROR;
				GCC_WARN_UNDECLARED_SELECTOR = YES;
				GCC_WARN_UNINITIALIZED_AUTOS = YES_AGGRESSIVE;
				GCC_WARN_UNUSED_FUNCTION = YES;
				GCC_WARN_UNUSED_VARIABLE = YES;
				IPHONEOS_DEPLOYMENT_TARGET = 16.4;
				MTL_ENABLE_DEBUG_INFO = INCLUDE_SOURCE;
				MTL_FAST_MATH = YES;
				ONLY_ACTIVE_ARCH = YES;
				SDKROOT = iphoneos;
				SWIFT_ACTIVE_COMPILATION_CONDITIONS = DEBUG;
				SWIFT_OPTIMIZATION_LEVEL = "-Onone";
			};
			name = "Debug Development";
		};
		0C6E8CA22A302DB3001620CD /* Release Development */ = {
			isa = XCBuildConfiguration;
			baseConfigurationReference = 0C6E8CC32A30401F001620CD /* ExcampleDevConfig.xcconfig */;
			buildSettings = {
				ALWAYS_SEARCH_USER_PATHS = NO;
				CLANG_ANALYZER_NONNULL = YES;
				CLANG_ANALYZER_NUMBER_OBJECT_CONVERSION = YES_AGGRESSIVE;
				CLANG_CXX_LANGUAGE_STANDARD = "gnu++20";
				CLANG_ENABLE_MODULES = YES;
				CLANG_ENABLE_OBJC_ARC = YES;
				CLANG_ENABLE_OBJC_WEAK = YES;
				CLANG_WARN_BLOCK_CAPTURE_AUTORELEASING = YES;
				CLANG_WARN_BOOL_CONVERSION = YES;
				CLANG_WARN_COMMA = YES;
				CLANG_WARN_CONSTANT_CONVERSION = YES;
				CLANG_WARN_DEPRECATED_OBJC_IMPLEMENTATIONS = YES;
				CLANG_WARN_DIRECT_OBJC_ISA_USAGE = YES_ERROR;
				CLANG_WARN_DOCUMENTATION_COMMENTS = YES;
				CLANG_WARN_EMPTY_BODY = YES;
				CLANG_WARN_ENUM_CONVERSION = YES;
				CLANG_WARN_INFINITE_RECURSION = YES;
				CLANG_WARN_INT_CONVERSION = YES;
				CLANG_WARN_NON_LITERAL_NULL_CONVERSION = YES;
				CLANG_WARN_OBJC_IMPLICIT_RETAIN_SELF = YES;
				CLANG_WARN_OBJC_LITERAL_CONVERSION = YES;
				CLANG_WARN_OBJC_ROOT_CLASS = YES_ERROR;
				CLANG_WARN_QUOTED_INCLUDE_IN_FRAMEWORK_HEADER = YES;
				CLANG_WARN_RANGE_LOOP_ANALYSIS = YES;
				CLANG_WARN_STRICT_PROTOTYPES = YES;
				CLANG_WARN_SUSPICIOUS_MOVE = YES;
				CLANG_WARN_UNGUARDED_AVAILABILITY = YES_AGGRESSIVE;
				CLANG_WARN_UNREACHABLE_CODE = YES;
				CLANG_WARN__DUPLICATE_METHOD_MATCH = YES;
				COPY_PHASE_STRIP = NO;
				DEBUG_INFORMATION_FORMAT = "dwarf-with-dsym";
				ENABLE_NS_ASSERTIONS = NO;
				ENABLE_STRICT_OBJC_MSGSEND = YES;
				GCC_C_LANGUAGE_STANDARD = gnu11;
				GCC_NO_COMMON_BLOCKS = YES;
				GCC_OPTIMIZATION_LEVEL = s;
				GCC_WARN_64_TO_32_BIT_CONVERSION = YES;
				GCC_WARN_ABOUT_RETURN_TYPE = YES_ERROR;
				GCC_WARN_UNDECLARED_SELECTOR = YES;
				GCC_WARN_UNINITIALIZED_AUTOS = YES_AGGRESSIVE;
				GCC_WARN_UNUSED_FUNCTION = YES;
				GCC_WARN_UNUSED_VARIABLE = YES;
				IPHONEOS_DEPLOYMENT_TARGET = 16.4;
				MTL_ENABLE_DEBUG_INFO = NO;
				MTL_FAST_MATH = YES;
				SDKROOT = iphoneos;
				SWIFT_COMPILATION_MODE = wholemodule;
				SWIFT_OPTIMIZATION_LEVEL = "-O";
				VALIDATE_PRODUCT = YES;
			};
			name = "Release Development";
		};
		0C6E8CA42A302DB3001620CD /* Debug Development */ = {
			isa = XCBuildConfiguration;
			buildSettings = {
				ASSETCATALOG_COMPILER_APPICON_NAME = AppIcon;
				ASSETCATALOG_COMPILER_GLOBAL_ACCENT_COLOR_NAME = AccentColor;
				CODE_SIGN_STYLE = Automatic;
				CURRENT_PROJECT_VERSION = 1;
				DEVELOPMENT_TEAM = LNLTD7FU7K;
				GENERATE_INFOPLIST_FILE = YES;
				INFOPLIST_FILE = "example-configuration-environments/Info.plist";
				INFOPLIST_KEY_UIApplicationSupportsIndirectInputEvents = YES;
				INFOPLIST_KEY_UILaunchStoryboardName = LaunchScreen;
				INFOPLIST_KEY_UIMainStoryboardFile = Main;
				INFOPLIST_KEY_UISupportedInterfaceOrientations_iPad = "UIInterfaceOrientationPortrait UIInterfaceOrientationPortraitUpsideDown UIInterfaceOrientationLandscapeLeft UIInterfaceOrientationLandscapeRight";
				INFOPLIST_KEY_UISupportedInterfaceOrientations_iPhone = "UIInterfaceOrientationPortrait UIInterfaceOrientationLandscapeLeft UIInterfaceOrientationLandscapeRight";
				LD_RUNPATH_SEARCH_PATHS = (
					"$(inherited)",
					"@executable_path/Frameworks",
				);
				MARKETING_VERSION = 1.0;
				PRODUCT_BUNDLE_IDENTIFIER = "hao.kim.example-configuration.dev";
				PRODUCT_NAME = "Example Development";
				SWIFT_EMIT_LOC_STRINGS = YES;
				SWIFT_VERSION = 5.0;
				TARGETED_DEVICE_FAMILY = "1,2";
			};
			name = "Debug Development";
		};
		0C6E8CA52A302DB3001620CD /* Release Development */ = {
			isa = XCBuildConfiguration;
			buildSettings = {
				ASSETCATALOG_COMPILER_APPICON_NAME = AppIcon;
				ASSETCATALOG_COMPILER_GLOBAL_ACCENT_COLOR_NAME = AccentColor;
				CODE_SIGN_STYLE = Automatic;
				CURRENT_PROJECT_VERSION = 1;
				DEVELOPMENT_TEAM = LNLTD7FU7K;
				GENERATE_INFOPLIST_FILE = YES;
				INFOPLIST_FILE = "example-configuration-environments/Info.plist";
				INFOPLIST_KEY_UIApplicationSupportsIndirectInputEvents = YES;
				INFOPLIST_KEY_UILaunchStoryboardName = LaunchScreen;
				INFOPLIST_KEY_UIMainStoryboardFile = Main;
				INFOPLIST_KEY_UISupportedInterfaceOrientations_iPad = "UIInterfaceOrientationPortrait UIInterfaceOrientationPortraitUpsideDown UIInterfaceOrientationLandscapeLeft UIInterfaceOrientationLandscapeRight";
				INFOPLIST_KEY_UISupportedInterfaceOrientations_iPhone = "UIInterfaceOrientationPortrait UIInterfaceOrientationLandscapeLeft UIInterfaceOrientationLandscapeRight";
				LD_RUNPATH_SEARCH_PATHS = (
					"$(inherited)",
					"@executable_path/Frameworks",
				);
				MARKETING_VERSION = 1.0;
				PRODUCT_BUNDLE_IDENTIFIER = "hao.kim.example-configuration.dev";
				PRODUCT_NAME = "Example Development";
				SWIFT_EMIT_LOC_STRINGS = YES;
				SWIFT_VERSION = 5.0;
				TARGETED_DEVICE_FAMILY = "1,2";
			};
			name = "Release Development";
		};
		0C6E8CA72A302DB3001620CD /* Debug Development */ = {
			isa = XCBuildConfiguration;
			buildSettings = {
				ALWAYS_EMBED_SWIFT_STANDARD_LIBRARIES = YES;
				BUNDLE_LOADER = "$(TEST_HOST)";
				CODE_SIGN_STYLE = Automatic;
				CURRENT_PROJECT_VERSION = 1;
				DEVELOPMENT_TEAM = LNLTD7FU7K;
				GENERATE_INFOPLIST_FILE = YES;
				IPHONEOS_DEPLOYMENT_TARGET = 16.4;
				MARKETING_VERSION = 1.0;
				PRODUCT_BUNDLE_IDENTIFIER = "hao.kim.example-configuration-environmentsTests";
				PRODUCT_NAME = "$(TARGET_NAME)";
				SWIFT_EMIT_LOC_STRINGS = NO;
				SWIFT_VERSION = 5.0;
				TARGETED_DEVICE_FAMILY = "1,2";
				TEST_HOST = "$(BUILT_PRODUCTS_DIR)/example-configuration-environments.app/$(BUNDLE_EXECUTABLE_FOLDER_PATH)/example-configuration-environments";
			};
			name = "Debug Development";
		};
		0C6E8CA82A302DB3001620CD /* Release Development */ = {
			isa = XCBuildConfiguration;
			buildSettings = {
				ALWAYS_EMBED_SWIFT_STANDARD_LIBRARIES = YES;
				BUNDLE_LOADER = "$(TEST_HOST)";
				CODE_SIGN_STYLE = Automatic;
				CURRENT_PROJECT_VERSION = 1;
				DEVELOPMENT_TEAM = LNLTD7FU7K;
				GENERATE_INFOPLIST_FILE = YES;
				IPHONEOS_DEPLOYMENT_TARGET = 16.4;
				MARKETING_VERSION = 1.0;
				PRODUCT_BUNDLE_IDENTIFIER = "hao.kim.example-configuration-environmentsTests";
				PRODUCT_NAME = "$(TARGET_NAME)";
				SWIFT_EMIT_LOC_STRINGS = NO;
				SWIFT_VERSION = 5.0;
				TARGETED_DEVICE_FAMILY = "1,2";
				TEST_HOST = "$(BUILT_PRODUCTS_DIR)/example-configuration-environments.app/$(BUNDLE_EXECUTABLE_FOLDER_PATH)/example-configuration-environments";
			};
			name = "Release Development";
		};
		0C6E8CAA2A302DB3001620CD /* Debug Development */ = {
			isa = XCBuildConfiguration;
			buildSettings = {
				ALWAYS_EMBED_SWIFT_STANDARD_LIBRARIES = YES;
				CODE_SIGN_STYLE = Automatic;
				CURRENT_PROJECT_VERSION = 1;
				DEVELOPMENT_TEAM = LNLTD7FU7K;
				GENERATE_INFOPLIST_FILE = YES;
				MARKETING_VERSION = 1.0;
				PRODUCT_BUNDLE_IDENTIFIER = "hao.kim.example-configuration-environmentsUITests";
				PRODUCT_NAME = "$(TARGET_NAME)";
				SWIFT_EMIT_LOC_STRINGS = NO;
				SWIFT_VERSION = 5.0;
				TARGETED_DEVICE_FAMILY = "1,2";
				TEST_TARGET_NAME = "example-configuration-environments";
			};
			name = "Debug Development";
		};
		0C6E8CAB2A302DB3001620CD /* Release Development */ = {
			isa = XCBuildConfiguration;
			buildSettings = {
				ALWAYS_EMBED_SWIFT_STANDARD_LIBRARIES = YES;
				CODE_SIGN_STYLE = Automatic;
				CURRENT_PROJECT_VERSION = 1;
				DEVELOPMENT_TEAM = LNLTD7FU7K;
				GENERATE_INFOPLIST_FILE = YES;
				MARKETING_VERSION = 1.0;
				PRODUCT_BUNDLE_IDENTIFIER = "hao.kim.example-configuration-environmentsUITests";
				PRODUCT_NAME = "$(TARGET_NAME)";
				SWIFT_EMIT_LOC_STRINGS = NO;
				SWIFT_VERSION = 5.0;
				TARGETED_DEVICE_FAMILY = "1,2";
				TEST_TARGET_NAME = "example-configuration-environments";
			};
			name = "Release Development";
		};
		0C6E8CAC2A3031C6001620CD /* Debug Production */ = {
			isa = XCBuildConfiguration;
			baseConfigurationReference = 0C6E8CC52A304031001620CD /* ExampleConfig.xcconfig */;
			buildSettings = {
				ALWAYS_SEARCH_USER_PATHS = NO;
				CLANG_ANALYZER_NONNULL = YES;
				CLANG_ANALYZER_NUMBER_OBJECT_CONVERSION = YES_AGGRESSIVE;
				CLANG_CXX_LANGUAGE_STANDARD = "gnu++20";
				CLANG_ENABLE_MODULES = YES;
				CLANG_ENABLE_OBJC_ARC = YES;
				CLANG_ENABLE_OBJC_WEAK = YES;
				CLANG_WARN_BLOCK_CAPTURE_AUTORELEASING = YES;
				CLANG_WARN_BOOL_CONVERSION = YES;
				CLANG_WARN_COMMA = YES;
				CLANG_WARN_CONSTANT_CONVERSION = YES;
				CLANG_WARN_DEPRECATED_OBJC_IMPLEMENTATIONS = YES;
				CLANG_WARN_DIRECT_OBJC_ISA_USAGE = YES_ERROR;
				CLANG_WARN_DOCUMENTATION_COMMENTS = YES;
				CLANG_WARN_EMPTY_BODY = YES;
				CLANG_WARN_ENUM_CONVERSION = YES;
				CLANG_WARN_INFINITE_RECURSION = YES;
				CLANG_WARN_INT_CONVERSION = YES;
				CLANG_WARN_NON_LITERAL_NULL_CONVERSION = YES;
				CLANG_WARN_OBJC_IMPLICIT_RETAIN_SELF = YES;
				CLANG_WARN_OBJC_LITERAL_CONVERSION = YES;
				CLANG_WARN_OBJC_ROOT_CLASS = YES_ERROR;
				CLANG_WARN_QUOTED_INCLUDE_IN_FRAMEWORK_HEADER = YES;
				CLANG_WARN_RANGE_LOOP_ANALYSIS = YES;
				CLANG_WARN_STRICT_PROTOTYPES = YES;
				CLANG_WARN_SUSPICIOUS_MOVE = YES;
				CLANG_WARN_UNGUARDED_AVAILABILITY = YES_AGGRESSIVE;
				CLANG_WARN_UNREACHABLE_CODE = YES;
				CLANG_WARN__DUPLICATE_METHOD_MATCH = YES;
				COPY_PHASE_STRIP = NO;
				DEBUG_INFORMATION_FORMAT = dwarf;
				ENABLE_STRICT_OBJC_MSGSEND = YES;
				ENABLE_TESTABILITY = YES;
				GCC_C_LANGUAGE_STANDARD = gnu11;
				GCC_DYNAMIC_NO_PIC = NO;
				GCC_NO_COMMON_BLOCKS = YES;
				GCC_OPTIMIZATION_LEVEL = 0;
				GCC_PREPROCESSOR_DEFINITIONS = (
					"DEBUG=1",
					"$(inherited)",
				);
				GCC_WARN_64_TO_32_BIT_CONVERSION = YES;
				GCC_WARN_ABOUT_RETURN_TYPE = YES_ERROR;
				GCC_WARN_UNDECLARED_SELECTOR = YES;
				GCC_WARN_UNINITIALIZED_AUTOS = YES_AGGRESSIVE;
				GCC_WARN_UNUSED_FUNCTION = YES;
				GCC_WARN_UNUSED_VARIABLE = YES;
				IPHONEOS_DEPLOYMENT_TARGET = 16.4;
				MTL_ENABLE_DEBUG_INFO = INCLUDE_SOURCE;
				MTL_FAST_MATH = YES;
				ONLY_ACTIVE_ARCH = YES;
				SDKROOT = iphoneos;
				SWIFT_ACTIVE_COMPILATION_CONDITIONS = DEBUG;
				SWIFT_OPTIMIZATION_LEVEL = "-Onone";
			};
			name = "Debug Production";
		};
		0C6E8CAD2A3031C6001620CD /* Debug Production */ = {
			isa = XCBuildConfiguration;
			buildSettings = {
				ASSETCATALOG_COMPILER_APPICON_NAME = AppIcon;
				ASSETCATALOG_COMPILER_GLOBAL_ACCENT_COLOR_NAME = AccentColor;
				CODE_SIGN_STYLE = Automatic;
				CURRENT_PROJECT_VERSION = 1;
				DEVELOPMENT_TEAM = LNLTD7FU7K;
				GENERATE_INFOPLIST_FILE = YES;
				INFOPLIST_FILE = "example-configuration-environments/Info.plist";
				INFOPLIST_KEY_UIApplicationSupportsIndirectInputEvents = YES;
				INFOPLIST_KEY_UILaunchStoryboardName = LaunchScreen;
				INFOPLIST_KEY_UIMainStoryboardFile = Main;
				INFOPLIST_KEY_UISupportedInterfaceOrientations_iPad = "UIInterfaceOrientationPortrait UIInterfaceOrientationPortraitUpsideDown UIInterfaceOrientationLandscapeLeft UIInterfaceOrientationLandscapeRight";
				INFOPLIST_KEY_UISupportedInterfaceOrientations_iPhone = "UIInterfaceOrientationPortrait UIInterfaceOrientationLandscapeLeft UIInterfaceOrientationLandscapeRight";
				LD_RUNPATH_SEARCH_PATHS = (
					"$(inherited)",
					"@executable_path/Frameworks",
				);
				MARKETING_VERSION = 1.0;
				PRODUCT_BUNDLE_IDENTIFIER = "hao.kim.example-configuration";
				PRODUCT_NAME = "Example Production";
				SWIFT_EMIT_LOC_STRINGS = YES;
				SWIFT_VERSION = 5.0;
				TARGETED_DEVICE_FAMILY = "1,2";
			};
			name = "Debug Production";
		};
		0C6E8CAE2A3031C6001620CD /* Debug Production */ = {
			isa = XCBuildConfiguration;
			buildSettings = {
				ALWAYS_EMBED_SWIFT_STANDARD_LIBRARIES = YES;
				BUNDLE_LOADER = "$(TEST_HOST)";
				CODE_SIGN_STYLE = Automatic;
				CURRENT_PROJECT_VERSION = 1;
				DEVELOPMENT_TEAM = LNLTD7FU7K;
				GENERATE_INFOPLIST_FILE = YES;
				IPHONEOS_DEPLOYMENT_TARGET = 16.4;
				MARKETING_VERSION = 1.0;
				PRODUCT_BUNDLE_IDENTIFIER = "hao.kim.example-configuration-environmentsTests";
				PRODUCT_NAME = "$(TARGET_NAME)";
				SWIFT_EMIT_LOC_STRINGS = NO;
				SWIFT_VERSION = 5.0;
				TARGETED_DEVICE_FAMILY = "1,2";
				TEST_HOST = "$(BUILT_PRODUCTS_DIR)/example-configuration-environments.app/$(BUNDLE_EXECUTABLE_FOLDER_PATH)/example-configuration-environments";
			};
			name = "Debug Production";
		};
		0C6E8CAF2A3031C6001620CD /* Debug Production */ = {
			isa = XCBuildConfiguration;
			buildSettings = {
				ALWAYS_EMBED_SWIFT_STANDARD_LIBRARIES = YES;
				CODE_SIGN_STYLE = Automatic;
				CURRENT_PROJECT_VERSION = 1;
				DEVELOPMENT_TEAM = LNLTD7FU7K;
				GENERATE_INFOPLIST_FILE = YES;
				MARKETING_VERSION = 1.0;
				PRODUCT_BUNDLE_IDENTIFIER = "hao.kim.example-configuration-environmentsUITests";
				PRODUCT_NAME = "$(TARGET_NAME)";
				SWIFT_EMIT_LOC_STRINGS = NO;
				SWIFT_VERSION = 5.0;
				TARGETED_DEVICE_FAMILY = "1,2";
				TEST_TARGET_NAME = "example-configuration-environments";
			};
			name = "Debug Production";
		};
		0C6E8CB02A3031D5001620CD /* Debug Staging */ = {
			isa = XCBuildConfiguration;
			baseConfigurationReference = 0C6E8CC12A304009001620CD /* ExampleStagingConfig.xcconfig */;
			buildSettings = {
				ALWAYS_SEARCH_USER_PATHS = NO;
				CLANG_ANALYZER_NONNULL = YES;
				CLANG_ANALYZER_NUMBER_OBJECT_CONVERSION = YES_AGGRESSIVE;
				CLANG_CXX_LANGUAGE_STANDARD = "gnu++20";
				CLANG_ENABLE_MODULES = YES;
				CLANG_ENABLE_OBJC_ARC = YES;
				CLANG_ENABLE_OBJC_WEAK = YES;
				CLANG_WARN_BLOCK_CAPTURE_AUTORELEASING = YES;
				CLANG_WARN_BOOL_CONVERSION = YES;
				CLANG_WARN_COMMA = YES;
				CLANG_WARN_CONSTANT_CONVERSION = YES;
				CLANG_WARN_DEPRECATED_OBJC_IMPLEMENTATIONS = YES;
				CLANG_WARN_DIRECT_OBJC_ISA_USAGE = YES_ERROR;
				CLANG_WARN_DOCUMENTATION_COMMENTS = YES;
				CLANG_WARN_EMPTY_BODY = YES;
				CLANG_WARN_ENUM_CONVERSION = YES;
				CLANG_WARN_INFINITE_RECURSION = YES;
				CLANG_WARN_INT_CONVERSION = YES;
				CLANG_WARN_NON_LITERAL_NULL_CONVERSION = YES;
				CLANG_WARN_OBJC_IMPLICIT_RETAIN_SELF = YES;
				CLANG_WARN_OBJC_LITERAL_CONVERSION = YES;
				CLANG_WARN_OBJC_ROOT_CLASS = YES_ERROR;
				CLANG_WARN_QUOTED_INCLUDE_IN_FRAMEWORK_HEADER = YES;
				CLANG_WARN_RANGE_LOOP_ANALYSIS = YES;
				CLANG_WARN_STRICT_PROTOTYPES = YES;
				CLANG_WARN_SUSPICIOUS_MOVE = YES;
				CLANG_WARN_UNGUARDED_AVAILABILITY = YES_AGGRESSIVE;
				CLANG_WARN_UNREACHABLE_CODE = YES;
				CLANG_WARN__DUPLICATE_METHOD_MATCH = YES;
				COPY_PHASE_STRIP = NO;
				DEBUG_INFORMATION_FORMAT = dwarf;
				ENABLE_STRICT_OBJC_MSGSEND = YES;
				ENABLE_TESTABILITY = YES;
				GCC_C_LANGUAGE_STANDARD = gnu11;
				GCC_DYNAMIC_NO_PIC = NO;
				GCC_NO_COMMON_BLOCKS = YES;
				GCC_OPTIMIZATION_LEVEL = 0;
				GCC_PREPROCESSOR_DEFINITIONS = (
					"DEBUG=1",
					"$(inherited)",
				);
				GCC_WARN_64_TO_32_BIT_CONVERSION = YES;
				GCC_WARN_ABOUT_RETURN_TYPE = YES_ERROR;
				GCC_WARN_UNDECLARED_SELECTOR = YES;
				GCC_WARN_UNINITIALIZED_AUTOS = YES_AGGRESSIVE;
				GCC_WARN_UNUSED_FUNCTION = YES;
				GCC_WARN_UNUSED_VARIABLE = YES;
				IPHONEOS_DEPLOYMENT_TARGET = 16.4;
				MTL_ENABLE_DEBUG_INFO = INCLUDE_SOURCE;
				MTL_FAST_MATH = YES;
				ONLY_ACTIVE_ARCH = YES;
				SDKROOT = iphoneos;
				SWIFT_ACTIVE_COMPILATION_CONDITIONS = DEBUG;
				SWIFT_OPTIMIZATION_LEVEL = "-Onone";
			};
			name = "Debug Staging";
		};
		0C6E8CB12A3031D5001620CD /* Debug Staging */ = {
			isa = XCBuildConfiguration;
			buildSettings = {
				ASSETCATALOG_COMPILER_APPICON_NAME = AppIcon;
				ASSETCATALOG_COMPILER_GLOBAL_ACCENT_COLOR_NAME = AccentColor;
				CODE_SIGN_STYLE = Automatic;
				CURRENT_PROJECT_VERSION = 1;
				DEVELOPMENT_TEAM = LNLTD7FU7K;
				GENERATE_INFOPLIST_FILE = YES;
				INFOPLIST_FILE = "example-configuration-environments/Info.plist";
				INFOPLIST_KEY_UIApplicationSupportsIndirectInputEvents = YES;
				INFOPLIST_KEY_UILaunchStoryboardName = LaunchScreen;
				INFOPLIST_KEY_UIMainStoryboardFile = Main;
				INFOPLIST_KEY_UISupportedInterfaceOrientations_iPad = "UIInterfaceOrientationPortrait UIInterfaceOrientationPortraitUpsideDown UIInterfaceOrientationLandscapeLeft UIInterfaceOrientationLandscapeRight";
				INFOPLIST_KEY_UISupportedInterfaceOrientations_iPhone = "UIInterfaceOrientationPortrait UIInterfaceOrientationLandscapeLeft UIInterfaceOrientationLandscapeRight";
				LD_RUNPATH_SEARCH_PATHS = (
					"$(inherited)",
					"@executable_path/Frameworks",
				);
				MARKETING_VERSION = 1.0;
				PRODUCT_BUNDLE_IDENTIFIER = "hao.kim.example-configuration.staging";
				PRODUCT_NAME = "Example Staging";
				SWIFT_EMIT_LOC_STRINGS = YES;
				SWIFT_VERSION = 5.0;
				TARGETED_DEVICE_FAMILY = "1,2";
			};
			name = "Debug Staging";
		};
		0C6E8CB22A3031D5001620CD /* Debug Staging */ = {
			isa = XCBuildConfiguration;
			buildSettings = {
				ALWAYS_EMBED_SWIFT_STANDARD_LIBRARIES = YES;
				BUNDLE_LOADER = "$(TEST_HOST)";
				CODE_SIGN_STYLE = Automatic;
				CURRENT_PROJECT_VERSION = 1;
				DEVELOPMENT_TEAM = LNLTD7FU7K;
				GENERATE_INFOPLIST_FILE = YES;
				IPHONEOS_DEPLOYMENT_TARGET = 16.4;
				MARKETING_VERSION = 1.0;
				PRODUCT_BUNDLE_IDENTIFIER = "hao.kim.example-configuration-environmentsTests";
				PRODUCT_NAME = "$(TARGET_NAME)";
				SWIFT_EMIT_LOC_STRINGS = NO;
				SWIFT_VERSION = 5.0;
				TARGETED_DEVICE_FAMILY = "1,2";
				TEST_HOST = "$(BUILT_PRODUCTS_DIR)/example-configuration-environments.app/$(BUNDLE_EXECUTABLE_FOLDER_PATH)/example-configuration-environments";
			};
			name = "Debug Staging";
		};
		0C6E8CB32A3031D5001620CD /* Debug Staging */ = {
			isa = XCBuildConfiguration;
			buildSettings = {
				ALWAYS_EMBED_SWIFT_STANDARD_LIBRARIES = YES;
				CODE_SIGN_STYLE = Automatic;
				CURRENT_PROJECT_VERSION = 1;
				DEVELOPMENT_TEAM = LNLTD7FU7K;
				GENERATE_INFOPLIST_FILE = YES;
				MARKETING_VERSION = 1.0;
				PRODUCT_BUNDLE_IDENTIFIER = "hao.kim.example-configuration-environmentsUITests";
				PRODUCT_NAME = "$(TARGET_NAME)";
				SWIFT_EMIT_LOC_STRINGS = NO;
				SWIFT_VERSION = 5.0;
				TARGETED_DEVICE_FAMILY = "1,2";
				TEST_TARGET_NAME = "example-configuration-environments";
			};
			name = "Debug Staging";
		};
		0C6E8CB42A3031DC001620CD /* Release Production */ = {
			isa = XCBuildConfiguration;
			baseConfigurationReference = 0C6E8CC52A304031001620CD /* ExampleConfig.xcconfig */;
			buildSettings = {
				ALWAYS_SEARCH_USER_PATHS = NO;
				CLANG_ANALYZER_NONNULL = YES;
				CLANG_ANALYZER_NUMBER_OBJECT_CONVERSION = YES_AGGRESSIVE;
				CLANG_CXX_LANGUAGE_STANDARD = "gnu++20";
				CLANG_ENABLE_MODULES = YES;
				CLANG_ENABLE_OBJC_ARC = YES;
				CLANG_ENABLE_OBJC_WEAK = YES;
				CLANG_WARN_BLOCK_CAPTURE_AUTORELEASING = YES;
				CLANG_WARN_BOOL_CONVERSION = YES;
				CLANG_WARN_COMMA = YES;
				CLANG_WARN_CONSTANT_CONVERSION = YES;
				CLANG_WARN_DEPRECATED_OBJC_IMPLEMENTATIONS = YES;
				CLANG_WARN_DIRECT_OBJC_ISA_USAGE = YES_ERROR;
				CLANG_WARN_DOCUMENTATION_COMMENTS = YES;
				CLANG_WARN_EMPTY_BODY = YES;
				CLANG_WARN_ENUM_CONVERSION = YES;
				CLANG_WARN_INFINITE_RECURSION = YES;
				CLANG_WARN_INT_CONVERSION = YES;
				CLANG_WARN_NON_LITERAL_NULL_CONVERSION = YES;
				CLANG_WARN_OBJC_IMPLICIT_RETAIN_SELF = YES;
				CLANG_WARN_OBJC_LITERAL_CONVERSION = YES;
				CLANG_WARN_OBJC_ROOT_CLASS = YES_ERROR;
				CLANG_WARN_QUOTED_INCLUDE_IN_FRAMEWORK_HEADER = YES;
				CLANG_WARN_RANGE_LOOP_ANALYSIS = YES;
				CLANG_WARN_STRICT_PROTOTYPES = YES;
				CLANG_WARN_SUSPICIOUS_MOVE = YES;
				CLANG_WARN_UNGUARDED_AVAILABILITY = YES_AGGRESSIVE;
				CLANG_WARN_UNREACHABLE_CODE = YES;
				CLANG_WARN__DUPLICATE_METHOD_MATCH = YES;
				COPY_PHASE_STRIP = NO;
				DEBUG_INFORMATION_FORMAT = "dwarf-with-dsym";
				ENABLE_NS_ASSERTIONS = NO;
				ENABLE_STRICT_OBJC_MSGSEND = YES;
				GCC_C_LANGUAGE_STANDARD = gnu11;
				GCC_NO_COMMON_BLOCKS = YES;
				GCC_OPTIMIZATION_LEVEL = s;
				GCC_WARN_64_TO_32_BIT_CONVERSION = YES;
				GCC_WARN_ABOUT_RETURN_TYPE = YES_ERROR;
				GCC_WARN_UNDECLARED_SELECTOR = YES;
				GCC_WARN_UNINITIALIZED_AUTOS = YES_AGGRESSIVE;
				GCC_WARN_UNUSED_FUNCTION = YES;
				GCC_WARN_UNUSED_VARIABLE = YES;
				IPHONEOS_DEPLOYMENT_TARGET = 16.4;
				MTL_ENABLE_DEBUG_INFO = NO;
				MTL_FAST_MATH = YES;
				SDKROOT = iphoneos;
				SWIFT_COMPILATION_MODE = wholemodule;
				SWIFT_OPTIMIZATION_LEVEL = "-O";
				VALIDATE_PRODUCT = YES;
			};
			name = "Release Production";
		};
		0C6E8CB52A3031DC001620CD /* Release Production */ = {
			isa = XCBuildConfiguration;
			buildSettings = {
				ASSETCATALOG_COMPILER_APPICON_NAME = AppIcon;
				ASSETCATALOG_COMPILER_GLOBAL_ACCENT_COLOR_NAME = AccentColor;
				CODE_SIGN_STYLE = Automatic;
				CURRENT_PROJECT_VERSION = 1;
				DEVELOPMENT_TEAM = LNLTD7FU7K;
				GENERATE_INFOPLIST_FILE = YES;
				INFOPLIST_FILE = "example-configuration-environments/Info.plist";
				INFOPLIST_KEY_UIApplicationSupportsIndirectInputEvents = YES;
				INFOPLIST_KEY_UILaunchStoryboardName = LaunchScreen;
				INFOPLIST_KEY_UIMainStoryboardFile = Main;
				INFOPLIST_KEY_UISupportedInterfaceOrientations_iPad = "UIInterfaceOrientationPortrait UIInterfaceOrientationPortraitUpsideDown UIInterfaceOrientationLandscapeLeft UIInterfaceOrientationLandscapeRight";
				INFOPLIST_KEY_UISupportedInterfaceOrientations_iPhone = "UIInterfaceOrientationPortrait UIInterfaceOrientationLandscapeLeft UIInterfaceOrientationLandscapeRight";
				LD_RUNPATH_SEARCH_PATHS = (
					"$(inherited)",
					"@executable_path/Frameworks",
				);
				MARKETING_VERSION = 1.0;
				PRODUCT_BUNDLE_IDENTIFIER = "hao.kim.example-configuration";
				PRODUCT_NAME = "Example Production";
				SWIFT_EMIT_LOC_STRINGS = YES;
				SWIFT_VERSION = 5.0;
				TARGETED_DEVICE_FAMILY = "1,2";
			};
			name = "Release Production";
		};
		0C6E8CB62A3031DC001620CD /* Release Production */ = {
			isa = XCBuildConfiguration;
			buildSettings = {
				ALWAYS_EMBED_SWIFT_STANDARD_LIBRARIES = YES;
				BUNDLE_LOADER = "$(TEST_HOST)";
				CODE_SIGN_STYLE = Automatic;
				CURRENT_PROJECT_VERSION = 1;
				DEVELOPMENT_TEAM = LNLTD7FU7K;
				GENERATE_INFOPLIST_FILE = YES;
				IPHONEOS_DEPLOYMENT_TARGET = 16.4;
				MARKETING_VERSION = 1.0;
				PRODUCT_BUNDLE_IDENTIFIER = "hao.kim.example-configuration-environmentsTests";
				PRODUCT_NAME = "$(TARGET_NAME)";
				SWIFT_EMIT_LOC_STRINGS = NO;
				SWIFT_VERSION = 5.0;
				TARGETED_DEVICE_FAMILY = "1,2";
				TEST_HOST = "$(BUILT_PRODUCTS_DIR)/example-configuration-environments.app/$(BUNDLE_EXECUTABLE_FOLDER_PATH)/example-configuration-environments";
			};
			name = "Release Production";
		};
		0C6E8CB72A3031DC001620CD /* Release Production */ = {
			isa = XCBuildConfiguration;
			buildSettings = {
				ALWAYS_EMBED_SWIFT_STANDARD_LIBRARIES = YES;
				CODE_SIGN_STYLE = Automatic;
				CURRENT_PROJECT_VERSION = 1;
				DEVELOPMENT_TEAM = LNLTD7FU7K;
				GENERATE_INFOPLIST_FILE = YES;
				MARKETING_VERSION = 1.0;
				PRODUCT_BUNDLE_IDENTIFIER = "hao.kim.example-configuration-environmentsUITests";
				PRODUCT_NAME = "$(TARGET_NAME)";
				SWIFT_EMIT_LOC_STRINGS = NO;
				SWIFT_VERSION = 5.0;
				TARGETED_DEVICE_FAMILY = "1,2";
				TEST_TARGET_NAME = "example-configuration-environments";
			};
			name = "Release Production";
		};
		0C6E8CB82A3031DF001620CD /* Release Staging */ = {
			isa = XCBuildConfiguration;
			baseConfigurationReference = 0C6E8CC12A304009001620CD /* ExampleStagingConfig.xcconfig */;
			buildSettings = {
				ALWAYS_SEARCH_USER_PATHS = NO;
				CLANG_ANALYZER_NONNULL = YES;
				CLANG_ANALYZER_NUMBER_OBJECT_CONVERSION = YES_AGGRESSIVE;
				CLANG_CXX_LANGUAGE_STANDARD = "gnu++20";
				CLANG_ENABLE_MODULES = YES;
				CLANG_ENABLE_OBJC_ARC = YES;
				CLANG_ENABLE_OBJC_WEAK = YES;
				CLANG_WARN_BLOCK_CAPTURE_AUTORELEASING = YES;
				CLANG_WARN_BOOL_CONVERSION = YES;
				CLANG_WARN_COMMA = YES;
				CLANG_WARN_CONSTANT_CONVERSION = YES;
				CLANG_WARN_DEPRECATED_OBJC_IMPLEMENTATIONS = YES;
				CLANG_WARN_DIRECT_OBJC_ISA_USAGE = YES_ERROR;
				CLANG_WARN_DOCUMENTATION_COMMENTS = YES;
				CLANG_WARN_EMPTY_BODY = YES;
				CLANG_WARN_ENUM_CONVERSION = YES;
				CLANG_WARN_INFINITE_RECURSION = YES;
				CLANG_WARN_INT_CONVERSION = YES;
				CLANG_WARN_NON_LITERAL_NULL_CONVERSION = YES;
				CLANG_WARN_OBJC_IMPLICIT_RETAIN_SELF = YES;
				CLANG_WARN_OBJC_LITERAL_CONVERSION = YES;
				CLANG_WARN_OBJC_ROOT_CLASS = YES_ERROR;
				CLANG_WARN_QUOTED_INCLUDE_IN_FRAMEWORK_HEADER = YES;
				CLANG_WARN_RANGE_LOOP_ANALYSIS = YES;
				CLANG_WARN_STRICT_PROTOTYPES = YES;
				CLANG_WARN_SUSPICIOUS_MOVE = YES;
				CLANG_WARN_UNGUARDED_AVAILABILITY = YES_AGGRESSIVE;
				CLANG_WARN_UNREACHABLE_CODE = YES;
				CLANG_WARN__DUPLICATE_METHOD_MATCH = YES;
				COPY_PHASE_STRIP = NO;
				DEBUG_INFORMATION_FORMAT = "dwarf-with-dsym";
				ENABLE_NS_ASSERTIONS = NO;
				ENABLE_STRICT_OBJC_MSGSEND = YES;
				GCC_C_LANGUAGE_STANDARD = gnu11;
				GCC_NO_COMMON_BLOCKS = YES;
				GCC_OPTIMIZATION_LEVEL = s;
				GCC_WARN_64_TO_32_BIT_CONVERSION = YES;
				GCC_WARN_ABOUT_RETURN_TYPE = YES_ERROR;
				GCC_WARN_UNDECLARED_SELECTOR = YES;
				GCC_WARN_UNINITIALIZED_AUTOS = YES_AGGRESSIVE;
				GCC_WARN_UNUSED_FUNCTION = YES;
				GCC_WARN_UNUSED_VARIABLE = YES;
				IPHONEOS_DEPLOYMENT_TARGET = 16.4;
				MTL_ENABLE_DEBUG_INFO = NO;
				MTL_FAST_MATH = YES;
				SDKROOT = iphoneos;
				SWIFT_COMPILATION_MODE = wholemodule;
				SWIFT_OPTIMIZATION_LEVEL = "-O";
				VALIDATE_PRODUCT = YES;
			};
			name = "Release Staging";
		};
		0C6E8CB92A3031DF001620CD /* Release Staging */ = {
			isa = XCBuildConfiguration;
			buildSettings = {
				ASSETCATALOG_COMPILER_APPICON_NAME = AppIcon;
				ASSETCATALOG_COMPILER_GLOBAL_ACCENT_COLOR_NAME = AccentColor;
				CODE_SIGN_STYLE = Automatic;
				CURRENT_PROJECT_VERSION = 1;
				DEVELOPMENT_TEAM = LNLTD7FU7K;
				GENERATE_INFOPLIST_FILE = YES;
				INFOPLIST_FILE = "example-configuration-environments/Info.plist";
				INFOPLIST_KEY_UIApplicationSupportsIndirectInputEvents = YES;
				INFOPLIST_KEY_UILaunchStoryboardName = LaunchScreen;
				INFOPLIST_KEY_UIMainStoryboardFile = Main;
				INFOPLIST_KEY_UISupportedInterfaceOrientations_iPad = "UIInterfaceOrientationPortrait UIInterfaceOrientationPortraitUpsideDown UIInterfaceOrientationLandscapeLeft UIInterfaceOrientationLandscapeRight";
				INFOPLIST_KEY_UISupportedInterfaceOrientations_iPhone = "UIInterfaceOrientationPortrait UIInterfaceOrientationLandscapeLeft UIInterfaceOrientationLandscapeRight";
				LD_RUNPATH_SEARCH_PATHS = (
					"$(inherited)",
					"@executable_path/Frameworks",
				);
				MARKETING_VERSION = 1.0;
				PRODUCT_BUNDLE_IDENTIFIER = "hao.kim.example-configuration.staging";
				PRODUCT_NAME = "Example Staging";
				SWIFT_EMIT_LOC_STRINGS = YES;
				SWIFT_VERSION = 5.0;
				TARGETED_DEVICE_FAMILY = "1,2";
			};
			name = "Release Staging";
		};
		0C6E8CBA2A3031DF001620CD /* Release Staging */ = {
			isa = XCBuildConfiguration;
			buildSettings = {
				ALWAYS_EMBED_SWIFT_STANDARD_LIBRARIES = YES;
				BUNDLE_LOADER = "$(TEST_HOST)";
				CODE_SIGN_STYLE = Automatic;
				CURRENT_PROJECT_VERSION = 1;
				DEVELOPMENT_TEAM = LNLTD7FU7K;
				GENERATE_INFOPLIST_FILE = YES;
				IPHONEOS_DEPLOYMENT_TARGET = 16.4;
				MARKETING_VERSION = 1.0;
				PRODUCT_BUNDLE_IDENTIFIER = "hao.kim.example-configuration-environmentsTests";
				PRODUCT_NAME = "$(TARGET_NAME)";
				SWIFT_EMIT_LOC_STRINGS = NO;
				SWIFT_VERSION = 5.0;
				TARGETED_DEVICE_FAMILY = "1,2";
				TEST_HOST = "$(BUILT_PRODUCTS_DIR)/example-configuration-environments.app/$(BUNDLE_EXECUTABLE_FOLDER_PATH)/example-configuration-environments";
			};
			name = "Release Staging";
		};
		0C6E8CBB2A3031DF001620CD /* Release Staging */ = {
			isa = XCBuildConfiguration;
			buildSettings = {
				ALWAYS_EMBED_SWIFT_STANDARD_LIBRARIES = YES;
				CODE_SIGN_STYLE = Automatic;
				CURRENT_PROJECT_VERSION = 1;
				DEVELOPMENT_TEAM = LNLTD7FU7K;
				GENERATE_INFOPLIST_FILE = YES;
				MARKETING_VERSION = 1.0;
				PRODUCT_BUNDLE_IDENTIFIER = "hao.kim.example-configuration-environmentsUITests";
				PRODUCT_NAME = "$(TARGET_NAME)";
				SWIFT_EMIT_LOC_STRINGS = NO;
				SWIFT_VERSION = 5.0;
				TARGETED_DEVICE_FAMILY = "1,2";
				TEST_TARGET_NAME = "example-configuration-environments";
			};
			name = "Release Staging";
		};
/* End XCBuildConfiguration section */

/* Begin XCConfigurationList section */
		0C6E8C742A302DB1001620CD /* Build configuration list for PBXProject "example-configuration-environments" */ = {
			isa = XCConfigurationList;
			buildConfigurations = (
				0C6E8CA12A302DB3001620CD /* Debug Development */,
				0C6E8CB02A3031D5001620CD /* Debug Staging */,
				0C6E8CAC2A3031C6001620CD /* Debug Production */,
				0C6E8CA22A302DB3001620CD /* Release Development */,
				0C6E8CB82A3031DF001620CD /* Release Staging */,
				0C6E8CB42A3031DC001620CD /* Release Production */,
			);
			defaultConfigurationIsVisible = 0;
			defaultConfigurationName = "Release Development";
		};
		0C6E8CA32A302DB3001620CD /* Build configuration list for PBXNativeTarget "example-configuration-environments" */ = {
			isa = XCConfigurationList;
			buildConfigurations = (
				0C6E8CA42A302DB3001620CD /* Debug Development */,
				0C6E8CB12A3031D5001620CD /* Debug Staging */,
				0C6E8CAD2A3031C6001620CD /* Debug Production */,
				0C6E8CA52A302DB3001620CD /* Release Development */,
				0C6E8CB92A3031DF001620CD /* Release Staging */,
				0C6E8CB52A3031DC001620CD /* Release Production */,
			);
			defaultConfigurationIsVisible = 0;
			defaultConfigurationName = "Release Development";
		};
		0C6E8CA62A302DB3001620CD /* Build configuration list for PBXNativeTarget "example-configuration-environmentsTests" */ = {
			isa = XCConfigurationList;
			buildConfigurations = (
				0C6E8CA72A302DB3001620CD /* Debug Development */,
				0C6E8CB22A3031D5001620CD /* Debug Staging */,
				0C6E8CAE2A3031C6001620CD /* Debug Production */,
				0C6E8CA82A302DB3001620CD /* Release Development */,
				0C6E8CBA2A3031DF001620CD /* Release Staging */,
				0C6E8CB62A3031DC001620CD /* Release Production */,
			);
			defaultConfigurationIsVisible = 0;
			defaultConfigurationName = "Release Development";
		};
		0C6E8CA92A302DB3001620CD /* Build configuration list for PBXNativeTarget "example-configuration-environmentsUITests" */ = {
			isa = XCConfigurationList;
			buildConfigurations = (
				0C6E8CAA2A302DB3001620CD /* Debug Development */,
				0C6E8CB32A3031D5001620CD /* Debug Staging */,
				0C6E8CAF2A3031C6001620CD /* Debug Production */,
				0C6E8CAB2A302DB3001620CD /* Release Development */,
				0C6E8CBB2A3031DF001620CD /* Release Staging */,
				0C6E8CB72A3031DC001620CD /* Release Production */,
			);
			defaultConfigurationIsVisible = 0;
			defaultConfigurationName = "Release Development";
		};
/* End XCConfigurationList section */
	};
	rootObject = 0C6E8C712A302DB1001620CD /* Project object */;
}
